
Microsoft Visual Studio Solution File, Format Version 12.00
# Visual Studio Version 16
VisualStudioVersion = 16.0.30717.126
MinimumVisualStudioVersion = 10.0.40219.1
Project("{FAE04EC0-301F-11D3-BF4B-00C04F79EFBC}") = "osu-api", "osu-api\osu-api.csproj", "{3EDF84FB-599E-4BB5-8C64-3C556DB82F79}"
EndProject
Global
	GlobalSection(SolutionConfigurationPlatforms) = preSolution
		Debug|Any CPU = Debug|Any CPU
		Release|Any CPU = Release|Any CPU
	EndGlobalSection
	GlobalSection(ProjectConfigurationPlatforms) = postSolution
		{3EDF84FB-599E-4BB5-8C64-3C556DB82F79}.Debug|Any CPU.ActiveCfg = Debug|Any CPU
		{3EDF84FB-599E-4BB5-8C64-3C556DB82F79}.Debug|Any CPU.Build.0 = Debug|Any CPU
		{3EDF84FB-599E-4BB5-8C64-3C556DB82F79}.Release|Any CPU.ActiveCfg = Release|Any CPU
		{3EDF84FB-599E-4BB5-8C64-3C556DB82F79}.Release|Any CPU.Build.0 = Release|Any CPU
	EndGlobalSection
	GlobalSection(SolutionProperties) = preSolution
		HideSolutionNode = FALSE
	EndGlobalSection
	GlobalSection(ExtensibilityGlobals) = postSolution
		SolutionGuid = {F46FF511-D79E-46D1-B3FB-FBBDB503FF3C}
	EndGlobalSection
EndGlobal
